hash: d6e9ec63915001568a428a9c0f801775d8af9c430ec9bdb95b58500abda11130
updated: 2016-05-13T08:16:45.597091646-07:00
imports:
- name: bitbucket.org/ww/goautoneg
  version: 75cd24fc2f2c
- name: github.com/abbot/go-http-auth
  version: c0ef4539dfab4d21c8ef20ba2924f9fc6f186d35
- name: github.com/appc/cni
  version: 2a58bd9379ca33579f0cf631945b717aa4fa373d
  subpackages:
  - libcni
  - pkg/invoke
  - pkg/types
- name: github.com/appc/spec
  version: 5d54e27f1764a0309eafe12c9df7bac03f241646
  subpackages:
  - Godeps/_workspace/src/github.com/camlistore/go4/errorutil
  - Godeps/_workspace/src/github.com/coreos/go-semver/semver
  - Godeps/_workspace/src/github.com/spf13/pflag
  - Godeps/_workspace/src/k8s.io/kubernetes/pkg/api/resource
  - Godeps/_workspace/src/speter.net/go/exp/math/dec/inf
  - schema
  - schema/common
  - schema/types
- name: github.com/armon/go-metrics
  version: 345426c77237ece5dab0e1605c3e4b35c3f54757
- name: github.com/aws/aws-sdk-go
  version: bf2f8fe7f45e68017086d069498638893feddf64
  subpackages:
  - aws
  - aws/awserr
  - aws/awsutil
  - aws/client
  - aws/client/metadata
  - aws/corehandlers
  - aws/credentials
  - aws/credentials/ec2rolecreds
  - aws/defaults
  - aws/ec2metadata
  - aws/request
  - aws/session
  - private/endpoints
  - private/protocol/ec2query
  - private/protocol/json/jsonutil
  - private/protocol/jsonrpc
  - private/protocol/query
  - private/protocol/query/queryutil
  - private/protocol/rest
  - private/protocol/xml/xmlutil
  - private/signer/v4
  - private/waiter
  - service/autoscaling
  - service/ec2
  - service/ecr
  - service/elb
- name: github.com/beorn7/perks
  version: b965b613227fddccbfffe13eae360ed3fa822f8d
  subpackages:
  - quantile
- name: github.com/blang/semver
  version: 31b736133b98f26d5e078ec9eb591666edfd091f
- name: github.com/boltdb/bolt
  version: ee4a0888a9abe7eefe5a0992ca4cb06864839873
- name: github.com/ClusterHQ/flocker-go
  version: 1c0a791b33bdc01d062b376612aa04e27eed7eb3
- name: github.com/coreos/etcd
  version: 52c4595899f759af7458163ef6988b321a5d0f7b
  subpackages:
  - Godeps/_workspace/src/bitbucket.org/ww/goautoneg
  - Godeps/_workspace/src/github.com/beorn7/perks/quantile
  - Godeps/_workspace/src/github.com/boltdb/bolt
  - Godeps/_workspace/src/github.com/coreos/go-semver/semver
  - Godeps/_workspace/src/github.com/coreos/go-systemd/journal
  - Godeps/_workspace/src/github.com/coreos/pkg/capnslog
  - Godeps/_workspace/src/github.com/gogo/protobuf/proto
  - Godeps/_workspace/src/github.com/golang/protobuf/proto
  - Godeps/_workspace/src/github.com/google/btree
  - Godeps/_workspace/src/github.com/jonboulle/clockwork
  - Godeps/_workspace/src/github.com/matttproud/golang_protobuf_extensions/pbutil
  - Godeps/_workspace/src/github.com/prometheus/client_golang/prometheus
  - Godeps/_workspace/src/github.com/prometheus/client_model/go
  - Godeps/_workspace/src/github.com/prometheus/common/expfmt
  - Godeps/_workspace/src/github.com/prometheus/common/model
  - Godeps/_workspace/src/github.com/prometheus/procfs
  - Godeps/_workspace/src/github.com/ugorji/go/codec
  - Godeps/_workspace/src/github.com/xiang90/probing
  - Godeps/_workspace/src/golang.org/x/crypto/bcrypt
  - Godeps/_workspace/src/golang.org/x/crypto/blowfish
  - Godeps/_workspace/src/golang.org/x/net/context
  - Godeps/_workspace/src/golang.org/x/net/http2
  - Godeps/_workspace/src/golang.org/x/net/http2/hpack
  - Godeps/_workspace/src/golang.org/x/net/internal/timeseries
  - Godeps/_workspace/src/golang.org/x/net/trace
  - Godeps/_workspace/src/golang.org/x/sys/unix
  - Godeps/_workspace/src/google.golang.org/grpc
  - Godeps/_workspace/src/google.golang.org/grpc/codes
  - Godeps/_workspace/src/google.golang.org/grpc/credentials
  - Godeps/_workspace/src/google.golang.org/grpc/grpclog
  - Godeps/_workspace/src/google.golang.org/grpc/metadata
  - Godeps/_workspace/src/google.golang.org/grpc/naming
  - Godeps/_workspace/src/google.golang.org/grpc/peer
  - Godeps/_workspace/src/google.golang.org/grpc/transport
  - client
  - discovery
  - error
  - etcdserver
  - etcdserver/auth
  - etcdserver/etcdhttp
  - etcdserver/etcdhttp/httptypes
  - etcdserver/etcdserverpb
  - etcdserver/stats
  - pkg/crc
  - pkg/fileutil
  - pkg/httputil
  - pkg/idutil
  - pkg/ioutil
  - pkg/netutil
  - pkg/pathutil
  - pkg/pbutil
  - pkg/runtime
  - pkg/timeutil
  - pkg/transport
  - pkg/types
  - pkg/wait
  - raft
  - raft/raftpb
  - rafthttp
  - snap
  - snap/snappb
  - storage
  - storage/backend
  - storage/storagepb
  - store
  - version
  - wal
  - wal/walpb
  - etcdserver/api/v2http
  - alarm
  - auth
  - compactor
  - etcdserver/api/v2http/httptypes
  - etcdserver/membership
  - lease
  - lease/leasehttp
  - pkg/contention
  - pkg/schedule
  - etcdserver/api
  - pkg/logutil
  - pkg/tlsutil
  - clientv3
  - auth/authpb
  - lease/leasepb
  - pkg/adt
  - etcdserver/api/v3rpc/rpctypes
- name: github.com/coreos/go-etcd
  version: 003851be7bb0694fe3cc457a49529a19388ee7cf
  subpackages:
  - etcd
- name: github.com/coreos/go-oidc
  version: 024cdeee09d02fb439eb55bc422e582ac115615b
  subpackages:
  - http
  - jose
  - key
  - oauth2
  - oidc
- name: github.com/coreos/go-semver
  version: d043ae190b3202550d026daf009359bb5d761672
  subpackages:
  - semver
- name: github.com/coreos/go-systemd
  version: b4a58d95188dd092ae20072bac14cece0e67c388
  subpackages:
  - activation
  - daemon
  - dbus
  - unit
  - util
- name: github.com/coreos/pkg
  version: fa94270d4bac0d8ae5dc6b71894e251aada93f74
  subpackages:
  - capnslog
  - health
  - httputil
  - timeutil
- name: github.com/coreos/rkt
  version: 1ddc36601c8688ff207210bc9ecbf973d09573fa
  subpackages:
  - api/v1alpha
- name: github.com/davecgh/go-spew
  version: 3e6e67c4dcea3ac2f25fd4731abc0e1deaf36216
  subpackages:
  - spew
- name: github.com/dgrijalva/jwt-go
  version: 5ca80149b9d3f8b863af0e2bb6742e608603bd99
- name: github.com/docker/distribution
  version: cd27f179f2c10c5d300e6d09025b538c475b0d51
  subpackages:
  - digest
  - reference
- name: github.com/docker/docker
  version: 0f5c9d301b9b1cca66b3ea0f9dec3b5317d3686d
  subpackages:
  - pkg/jsonmessage
  - pkg/mount
  - pkg/parsers
  - pkg/symlink
  - pkg/term
  - pkg/term/winconsole
  - pkg/timeutils
  - pkg/units
  - pkg/stdcopy
- name: github.com/docker/engine-api
  version: 3d72d392d07bece8d7d7b2a3b6b2e57c2df376a2
  subpackages:
  - client
  - client/transport
  - client/transport/cancellable
  - types
  - types/blkiodev
  - types/container
  - types/filters
  - types/network
  - types/reference
  - types/registry
  - types/strslice
  - types/time
  - types/versions
- name: github.com/docker/go-connections
  version: f549a9393d05688dff0992ef3efd8bbe6c628aeb
  subpackages:
  - nat
  - sockets
  - tlsconfig
- name: github.com/docker/go-units
  version: 0bbddae09c5a5419a8c6dcdd7ff90da3d450393b
- name: github.com/docker/machine
  version: cbb87491e18986311ce166131ab410d892489eb0
  subpackages:
  - commands/mcndirs
  - drivers/errdriver
  - drivers/none
  - drivers/virtualbox
  - libmachine
  - libmachine/auth
  - libmachine/cert
  - libmachine/check
  - libmachine/drivers
  - libmachine/drivers/plugin
  - libmachine/drivers/plugin/localbinary
  - libmachine/drivers/rpc
  - libmachine/engine
  - libmachine/host
  - libmachine/log
  - libmachine/mcndockerclient
  - libmachine/mcnerror
  - libmachine/mcnflag
  - libmachine/mcnutils
  - libmachine/persist
  - libmachine/provision
  - libmachine/provision/pkgaction
  - libmachine/provision/serviceaction
  - libmachine/ssh
  - libmachine/state
  - libmachine/swarm
  - libmachine/version
  - version
- name: github.com/docker/spdystream
  version: 449fdfce4d962303d702fec724ef0ad181c92528
  subpackages:
  - spdy
- name: github.com/elazarl/go-bindata-assetfs
  version: 3dcc96556217539f50599357fb481ac0dc7439b9
- name: github.com/emicklei/go-restful
  version: 777bb3f19bcafe2575ffb2a3e46af92509ae9594
  subpackages:
  - log
  - swagger
- name: github.com/evanphx/json-patch
  version: 7dd4489c2eb6073e5a9d7746c3274c5b5f0387df
- name: github.com/fsouza/go-dockerclient
  version: 0099401a7342ad77e71ca9f9a57c5e72fb80f6b2
  subpackages:
  - external/github.com/Sirupsen/logrus
  - external/github.com/docker/docker/opts
  - external/github.com/docker/docker/pkg/archive
  - external/github.com/docker/docker/pkg/fileutils
  - external/github.com/docker/docker/pkg/homedir
  - external/github.com/docker/docker/pkg/idtools
  - external/github.com/docker/docker/pkg/ioutils
  - external/github.com/docker/docker/pkg/longpath
  - external/github.com/docker/docker/pkg/pools
  - external/github.com/docker/docker/pkg/promise
  - external/github.com/docker/docker/pkg/stdcopy
  - external/github.com/docker/docker/pkg/system
  - external/github.com/docker/go-units
  - external/github.com/hashicorp/go-cleanhttp
  - external/github.com/opencontainers/runc/libcontainer/user
  - external/golang.org/x/net/context
  - external/golang.org/x/sys/unix
- name: github.com/ghodss/yaml
  version: 73d445a93680fa1a78ae23a5839bad48f32ba1ee
- name: github.com/go-ini/ini
  version: 2e44421e256d82ebbf3d4d4fcabe8930b905eff3
- name: github.com/godbus/dbus
  version: c7fdd8b5cd55e87b4e1f4e372cdb1db61dd6c66f
- name: github.com/gogo/protobuf
  version: 82d16f734d6d871204a3feb1a73cb220cc92574c
  subpackages:
  - proto
- name: github.com/golang/glog
  version: 44145f04b68cf362d9c4df2182967c2275eaefed
- name: github.com/golang/groupcache
  version: 604ed5785183e59ae2789449d89e73f3a2a77987
  subpackages:
  - lru
- name: github.com/golang/protobuf
  version: b982704f8bb716bb608144408cff30e15fbde841
  subpackages:
  - proto
- name: github.com/google/btree
  version: cc6329d4279e3f025a53a83c397d2339b5705c45
- name: github.com/google/cadvisor
  version: 546a3771589bdb356777c646c6eca24914fdd48b
  subpackages:
  - api
  - cache/memory
  - collector
  - container
  - container/docker
  - container/libcontainer
  - container/raw
  - events
  - fs
  - healthz
  - http
  - http/mux
  - info/v1
  - info/v2
  - manager
  - metrics
  - pages
  - pages/static
  - storage
  - summary
  - utils
  - utils/cloudinfo
  - utils/cpuload
  - utils/cpuload/netlink
  - utils/machine
  - utils/oomparser
  - utils/sysfs
  - utils/sysinfo
  - validate
  - version
- name: github.com/google/gofuzz
  version: bbcb9da2d746f8bdbd6a936686a0a6067ada0ec5
- name: github.com/hashicorp/go-msgpack
  version: fa3f63826f7c23912c15263591e65d54d080b458
  subpackages:
  - codec
- name: github.com/hashicorp/golang-lru
  version: a0d98a5f288019575c6d1f4bb1573fef2d1fcdc4
  subpackages:
  - simplelru
- name: github.com/hashicorp/raft
  version: 057b893fd996696719e98b6c44649ea14968c811
- name: github.com/hashicorp/raft-boltdb
  version: d1e82c1ec3f15ee991f7cc7ffd5b67ff6f5bbaee
- name: github.com/hawkular/hawkular-client-go
  version: 1d46ce7e1eca635f372357a8ccbf1fa7cc28b7d2
  subpackages:
  - metrics
- name: github.com/imdario/mergo
  version: 6633656539c1639d9d78127b7d47c622b5d7b6dc
- name: github.com/inconshreveable/mousetrap
  version: 76626ae9c91c4f2a10f34cad8ce83ea42c93bb75
- name: github.com/influxdb/influxdb
  version: b237c68bab4756507baf6840023be103853e77db
  subpackages:
  - client
  - influxql
  - meta
  - meta/internal
  - snapshot
  - toml
  - tsdb
  - tsdb/internal
- name: github.com/jmespath/go-jmespath
  version: 3433f3ea46d9f8019119e7dd41274e112a2359a9
- name: github.com/jonboulle/clockwork
  version: 3f831b65b61282ba6bece21b91beea2edc4c887a
- name: github.com/juju/ratelimit
  version: 77ed1c8a01217656d2080ad51981f6e99adaa177
- name: github.com/kr/pty
  version: f7ee69f31298ecbe5d2b349c711e2547a617d398
- name: github.com/matttproud/golang_protobuf_extensions
  version: fc2b8d3a73c4867e51861bbdd5ae3c1f0869dd6a
  subpackages:
  - pbutil
- name: github.com/mesos/mesos-go
  version: 45c8b08e9af666add36a6f93ff8c1c75812367b0
  subpackages:
  - detector
  - detector/zoo
  - mesosproto
  - mesosutil
  - upid
- name: github.com/Microsoft/go-winio
  version: 8f9387ea7efabb228a981b9c381142be7667967f
- name: github.com/miekg/dns
  version: f8964231a81dcbe9fc5f13a228c7f10a933acc50
- name: github.com/mistifyio/go-zfs
  version: 1b4ae6fb4e77b095934d4430860ff202060169f8
- name: github.com/mitchellh/mapstructure
  version: 740c764bc6149d3f1806231418adb9f52c11bcbf
- name: github.com/mxk/go-flowrate
  version: cca7078d478f8520f85629ad7c68962d31ed7682
  subpackages:
  - flowrate
- name: github.com/opencontainers/runc
  version: 7ca2aa4873aea7cb4265b1726acb24b90d8726c6
  subpackages:
  - libcontainer
  - libcontainer/apparmor
  - libcontainer/cgroups
  - libcontainer/cgroups/fs
  - libcontainer/cgroups/systemd
  - libcontainer/configs
  - libcontainer/configs/validate
  - libcontainer/criurpc
  - libcontainer/label
  - libcontainer/seccomp
  - libcontainer/selinux
  - libcontainer/stacktrace
  - libcontainer/system
  - libcontainer/user
  - libcontainer/utils
- name: github.com/pborman/uuid
  version: ca53cad383cad2479bbba7f7a1a05797ec1386e4
- name: github.com/pmezard/go-difflib
  version: d8ed2627bdf02c080bf22230dbb337003b7aba2d
  subpackages:
  - difflib
- name: github.com/prometheus/client_golang
  version: 3b78d7a77f51ccbc364d4bc170920153022cfd08
  subpackages:
  - prometheus
- name: github.com/prometheus/client_model
  version: fa8ad6fec33561be4280a8f0514318c79d7f6cb6
  subpackages:
  - go
- name: github.com/prometheus/common
  version: ef7a9a5fb138aa5d3a19988537606226869a0390
  subpackages:
  - expfmt
  - model
- name: github.com/prometheus/procfs
  version: 490cc6eb5fa45bf8a8b7b73c8bc82a8160e8531d
- name: github.com/rackspace/gophercloud
  version: f92863476c034f851073599c09d90cd61ee95b3d
  subpackages:
  - openstack
  - openstack/blockstorage/v1/volumes
  - openstack/compute/v2/extensions/bootfromvolume
  - openstack/compute/v2/extensions/diskconfig
  - openstack/compute/v2/extensions/volumeattach
  - openstack/compute/v2/flavors
  - openstack/compute/v2/images
  - openstack/compute/v2/servers
  - openstack/identity/v2/tenants
  - openstack/identity/v2/tokens
  - openstack/identity/v3/tokens
  - openstack/networking/v2/extensions/layer3/floatingips
  - openstack/networking/v2/extensions/lbaas/members
  - openstack/networking/v2/extensions/lbaas/monitors
  - openstack/networking/v2/extensions/lbaas/pools
  - openstack/networking/v2/extensions/lbaas/vips
  - openstack/utils
  - pagination
  - rackspace
  - rackspace/compute/v2/servers
  - rackspace/identity/v2/tokens
  - testhelper
  - testhelper/client
  - rackspace/blockstorage/v1/volumes
  - rackspace/compute/v2/volumeattach
- name: github.com/samalba/dockerclient
  version: 91d7393ff85980ba3a8966405871a3d446ca28f2
- name: github.com/samuel/go-zookeeper
  version: 177002e16a0061912f02377e2dd8951a8b3551bc
  subpackages:
  - zk
- name: github.com/scalingdata/gcfg
  version: 37aabad69cfd3d20b8390d902a8b10e245c615ff
  subpackages:
  - scanner
  - token
  - types
- name: github.com/seccomp/libseccomp-golang
  version: 1b506fc7c24eec5a3693cdcbed40d9c226cfc6a1
- name: github.com/Sirupsen/logrus
  version: 51fe59aca108dc5680109e7b2051cbdcfa5a253c
- name: github.com/skynetservices/skydns
  version: 39036923480f35acc79db5cc5bd208c93ce3fbd3
  subpackages:
  - backends/etcd
  - cache
  - msg
  - server
- name: github.com/spf13/cobra
  version: 4c05eb1145f16d0e6bb4a3e1b6d769f4713cb41f
- name: github.com/spf13/pflag
  version: 8f6a28b0916586e7f22fe931ae2fcfc380b1c0e6
- name: github.com/stretchr/objx
  version: d40df0cc104c06eae2dfe03d7dddb83802d52f9a
- name: github.com/stretchr/testify
  version: e3a8ff8ce36581f87a15341206f205b1da467059
  subpackages:
  - assert
  - mock
- name: github.com/syndtr/gocapability
  version: 2c00daeb6c3b45114c80ac44119e7b8801fdd852
  subpackages:
  - capability
- name: github.com/ugorji/go
  version: f4485b318aadd133842532f841dc205a8e339d74
  subpackages:
  - codec
- name: github.com/vishvananda/netlink
  version: 1e2e08e8a2dcdacaae3f14ac44c5cfa31361f270
  subpackages:
  - nl
- name: github.com/vmware/govmomi
  version: 20c009ce9c493f0c714a9fffa5bda5fb84df2b6c
  subpackages:
  - find
  - guest
  - list
  - object
  - property
  - session
  - task
  - vim25
  - vim25/debug
  - vim25/methods
  - vim25/mo
  - vim25/progress
  - vim25/soap
  - vim25/types
  - vim25/xml
- name: github.com/xiang90/probing
  version: 6a0cc1ae81b4cc11db5e491e030e4b98fba79c19
- name: golang.org/x/crypto
  version: c84e1f8e3a7e322d497cd16c0e8a13c7e127baf3
  subpackages:
  - bcrypt
  - blowfish
  - curve25519
  - ssh
  - ssh/terminal
- name: golang.org/x/exp
  version: d00e13ec443927751b2bd49e97dea7bf3b6a6487
  subpackages:
  - inotify
- name: golang.org/x/net
  version: c2528b2dd8352441850638a8bb678c2ad056fd3e
  subpackages:
  - context
  - context/ctxhttp
  - html
  - html/atom
  - http2
  - http2/hpack
  - internal/timeseries
  - trace
  - websocket
  - proxy
- name: golang.org/x/oauth2
  version: b5adcc2dcdf009d0391547edc6ecbaff889f5bb9
  subpackages:
  - google
  - internal
  - jws
  - jwt
- name: golang.org/x/sys
  version: 833a04a10549a95dc34458c195cbad61bbb6cb4d
  subpackages:
  - unix
  - windows/registry
- name: google.golang.org/api
  version: 77e7d383beb96054547729f49c372b3d01e196ff
  subpackages:
  - cloudmonitoring/v2beta2
  - compute/v1
  - container/v1
  - gensupport
  - googleapi
  - googleapi/internal/uritemplates
- name: google.golang.org/appengine
  version: 6a436539be38c296a8075a871cc536686b458371
  subpackages:
  - internal
  - internal/app_identity
  - internal/base
  - internal/datastore
  - internal/log
  - internal/modules
  - internal/remote_api
  - urlfetch
  - internal/urlfetch
- name: google.golang.org/cloud
  version: 2e43671e4ad874a7bca65746ff3edb38e6e93762
  subpackages:
  - compute/metadata
  - internal
- name: google.golang.org/grpc
  version: 933601d8cd6418a8a891bd9075a7161b0a67badb
  subpackages:
  - codes
  - credentials
  - grpclog
  - metadata
  - naming
  - peer
  - transport
- name: gopkg.in/gcfg.v1
  version: 083575c3955c85df16fe9590cceab64d03f5eb6e
  subpackages:
  - scanner
  - token
  - types
- name: gopkg.in/inf.v0
  version: 3887ee99ecf07df5b447e9b00d9c0b2adaa9f3e4
- name: gopkg.in/yaml.v2
  version: d466437aa4adc35830964cffc5b5f262c63ddcb4
- name: k8s.io/heapster
  version: de510e4bdcdea96722b5bde19ff0b7a142939485
  subpackages:
  - api/v1/types
  - metrics/api/v1/types
- name: k8s.io/kubernetes
  version: 4dc0b8780c59271967a28d1b1d7db90d3d943a07
  subpackages:
  - cmd/kube-apiserver/app
  - cmd/kube-apiserver/app/options
  - cmd/kube-controller-manager/app
  - cmd/kube-controller-manager/app/options
  - cmd/kube-proxy/app
  - cmd/kube-proxy/app/options
  - cmd/kubelet/app
  - cmd/kubelet/app/options
  - pkg/admission
  - pkg/api
  - pkg/api/endpoints
  - pkg/api/errors
  - pkg/api/errors/etcd
  - pkg/api/install
  - pkg/api/meta
  - pkg/api/pod
  - pkg/api/resource
  - pkg/api/rest
  - pkg/api/service
  - pkg/api/unversioned
  - pkg/api/unversioned/validation
  - pkg/api/util
  - pkg/api/v1
  - pkg/api/validation
  - pkg/apimachinery
  - pkg/apimachinery/registered
  - pkg/apis/abac
  - pkg/apis/abac/latest
  - pkg/apis/abac/v0
  - pkg/apis/abac/v1beta1
  - pkg/apis/authorization
  - pkg/apis/authorization/install
  - pkg/apis/authorization/v1beta1
  - pkg/apis/autoscaling
  - pkg/apis/autoscaling/install
  - pkg/apis/autoscaling/v1
  - pkg/apis/autoscaling/validation
  - pkg/apis/batch
  - pkg/apis/batch/install
  - pkg/apis/batch/v1
  - pkg/apis/componentconfig
  - pkg/apis/componentconfig/install
  - pkg/apis/componentconfig/v1alpha1
  - pkg/apis/extensions
  - pkg/apis/extensions/install
  - pkg/apis/extensions/v1beta1
  - pkg/apis/extensions/validation
  - pkg/apis/metrics
  - pkg/apis/metrics/install
  - pkg/apis/metrics/v1alpha1
  - pkg/apiserver
  - pkg/apiserver/authenticator
  - pkg/apiserver/metrics
  - pkg/auth/authenticator
  - pkg/auth/authenticator/bearertoken
  - pkg/auth/authorizer
  - pkg/auth/authorizer/abac
  - pkg/auth/authorizer/union
  - pkg/auth/handlers
  - pkg/auth/user
  - pkg/capabilities
  - pkg/client/cache
  - pkg/client/chaosclient
  - pkg/client/clientset_generated/internalclientset
  - pkg/client/leaderelection
  - pkg/client/metrics
  - pkg/client/record
  - pkg/client/restclient
  - pkg/client/transport
  - pkg/client/typed/discovery
  - pkg/client/typed/dynamic
  - pkg/client/typed/generated/core/unversioned
  - pkg/client/typed/generated/extensions/unversioned
  - pkg/client/unversioned
  - pkg/client/unversioned/auth
  - pkg/client/unversioned/clientcmd
  - pkg/client/unversioned/clientcmd/api
  - pkg/client/unversioned/clientcmd/api/latest
  - pkg/client/unversioned/clientcmd/api/v1
  - pkg/client/unversioned/remotecommand
  - pkg/cloudprovider
  - pkg/cloudprovider/providers
  - pkg/cloudprovider/providers/aws
  - pkg/cloudprovider/providers/gce
  - pkg/cloudprovider/providers/mesos
  - pkg/cloudprovider/providers/openstack
  - pkg/cloudprovider/providers/ovirt
  - pkg/cloudprovider/providers/rackspace
  - pkg/controller
  - pkg/controller/daemon
  - pkg/controller/deployment
  - pkg/controller/endpoint
  - pkg/controller/framework
  - pkg/controller/gc
  - pkg/controller/job
  - pkg/controller/namespace
  - pkg/controller/node
  - pkg/controller/persistentvolume
  - pkg/controller/podautoscaler
  - pkg/controller/podautoscaler/metrics
  - pkg/controller/replicaset
  - pkg/controller/replication
  - pkg/controller/resourcequota
  - pkg/controller/route
  - pkg/controller/service
  - pkg/controller/serviceaccount
  - pkg/conversion
  - pkg/conversion/queryparams
  - pkg/credentialprovider
  - pkg/credentialprovider/aws
  - pkg/credentialprovider/gcp
  - pkg/fieldpath
  - pkg/fields
  - pkg/genericapiserver
  - pkg/healthz
  - pkg/httplog
  - pkg/kubectl
  - pkg/kubectl/resource
  - pkg/kubelet
  - pkg/kubelet/api/v1alpha1/stats
  - pkg/kubelet/cadvisor
  - pkg/kubelet/client
  - pkg/kubelet/cm
  - pkg/kubelet/config
  - pkg/kubelet/container
  - pkg/kubelet/custommetrics
  - pkg/kubelet/dockertools
  - pkg/kubelet/envvars
  - pkg/kubelet/leaky
  - pkg/kubelet/lifecycle
  - pkg/kubelet/metrics
  - pkg/kubelet/network
  - pkg/kubelet/network/cni
  - pkg/kubelet/network/exec
  - pkg/kubelet/network/hairpin
  - pkg/kubelet/network/kubenet
  - pkg/kubelet/pleg
  - pkg/kubelet/pod
  - pkg/kubelet/prober
  - pkg/kubelet/prober/results
  - pkg/kubelet/qos
  - pkg/kubelet/qos/util
  - pkg/kubelet/rkt
  - pkg/kubelet/server
  - pkg/kubelet/server/portforward
  - pkg/kubelet/server/stats
  - pkg/kubelet/status
  - pkg/kubelet/types
  - pkg/kubelet/util/format
  - pkg/kubelet/util/queue
  - pkg/labels
  - pkg/master
  - pkg/master/ports
  - pkg/probe
  - pkg/probe/exec
  - pkg/probe/http
  - pkg/probe/tcp
  - pkg/proxy
  - pkg/proxy/config
  - pkg/proxy/iptables
  - pkg/proxy/userspace
  - pkg/quota
  - pkg/quota/evaluator/core
  - pkg/quota/generic
  - pkg/quota/install
  - pkg/registry/cachesize
  - pkg/registry/componentstatus
  - pkg/registry/configmap
  - pkg/registry/configmap/etcd
  - pkg/registry/controller
  - pkg/registry/controller/etcd
  - pkg/registry/daemonset
  - pkg/registry/daemonset/etcd
  - pkg/registry/deployment
  - pkg/registry/deployment/etcd
  - pkg/registry/endpoint
  - pkg/registry/endpoint/etcd
  - pkg/registry/event
  - pkg/registry/event/etcd
  - pkg/registry/experimental/controller/etcd
  - pkg/registry/generic
  - pkg/registry/generic/etcd
  - pkg/registry/generic/rest
  - pkg/registry/horizontalpodautoscaler
  - pkg/registry/horizontalpodautoscaler/etcd
  - pkg/registry/ingress
  - pkg/registry/ingress/etcd
  - pkg/registry/job
  - pkg/registry/job/etcd
  - pkg/registry/limitrange
  - pkg/registry/limitrange/etcd
  - pkg/registry/namespace
  - pkg/registry/namespace/etcd
  - pkg/registry/node
  - pkg/registry/node/etcd
  - pkg/registry/node/rest
  - pkg/registry/persistentvolume
  - pkg/registry/persistentvolume/etcd
  - pkg/registry/persistentvolumeclaim
  - pkg/registry/persistentvolumeclaim/etcd
  - pkg/registry/pod
  - pkg/registry/pod/etcd
  - pkg/registry/pod/rest
  - pkg/registry/podsecuritypolicy
  - pkg/registry/podsecuritypolicy/etcd
  - pkg/registry/podtemplate
  - pkg/registry/podtemplate/etcd
  - pkg/registry/replicaset
  - pkg/registry/replicaset/etcd
  - pkg/registry/resourcequota
  - pkg/registry/resourcequota/etcd
  - pkg/registry/secret
  - pkg/registry/secret/etcd
  - pkg/registry/service
  - pkg/registry/service/allocator
  - pkg/registry/service/allocator/etcd
  - pkg/registry/service/etcd
  - pkg/registry/service/ipallocator
  - pkg/registry/service/ipallocator/controller
  - pkg/registry/service/portallocator
  - pkg/registry/service/portallocator/controller
  - pkg/registry/serviceaccount
  - pkg/registry/serviceaccount/etcd
  - pkg/registry/thirdpartyresource
  - pkg/registry/thirdpartyresource/etcd
  - pkg/registry/thirdpartyresourcedata
  - pkg/registry/thirdpartyresourcedata/etcd
  - pkg/runtime
  - pkg/runtime/serializer
  - pkg/runtime/serializer/json
  - pkg/runtime/serializer/recognizer
  - pkg/runtime/serializer/versioning
  - pkg/securitycontext
  - pkg/serviceaccount
  - pkg/ssh
  - pkg/storage
  - pkg/storage/etcd
  - pkg/storage/etcd/metrics
  - pkg/storage/etcd/util
  - pkg/types
  - pkg/ui
  - pkg/ui/data/swagger
  - pkg/util
  - pkg/util/atomic
  - pkg/util/bandwidth
  - pkg/util/chmod
  - pkg/util/chown
  - pkg/util/config
  - pkg/util/configz
  - pkg/util/dbus
  - pkg/util/deployment
  - pkg/util/errors
  - pkg/util/exec
  - pkg/util/flock
  - pkg/util/flushwriter
  - pkg/util/hash
  - pkg/util/httpstream
  - pkg/util/httpstream/spdy
  - pkg/util/integer
  - pkg/util/intstr
  - pkg/util/io
  - pkg/util/iptables
  - pkg/util/jsonpath
  - pkg/util/keymutex
  - pkg/util/labels
  - pkg/util/limitwriter
  - pkg/util/mount
  - pkg/util/net
  - pkg/util/net/sets
  - pkg/util/node
  - pkg/util/oom
  - pkg/util/parsers
  - pkg/util/pod
  - pkg/util/procfs
  - pkg/util/proxy
  - pkg/util/rand
  - pkg/util/replicaset
  - pkg/util/runtime
  - pkg/util/selinux
  - pkg/util/sets
  - pkg/util/slice
  - pkg/util/strategicpatch
  - pkg/util/strings
  - pkg/util/sysctl
  - pkg/util/validation
  - pkg/util/validation/field
  - pkg/util/wait
  - pkg/util/workqueue
  - pkg/util/wsstream
  - pkg/util/yaml
  - pkg/version
  - pkg/volume
  - pkg/volume/aws_ebs
  - pkg/volume/azure_file
  - pkg/volume/cephfs
  - pkg/volume/cinder
  - pkg/volume/configmap
  - pkg/volume/downwardapi
  - pkg/volume/empty_dir
  - pkg/volume/fc
  - pkg/volume/flexvolume
  - pkg/volume/flocker
  - pkg/volume/gce_pd
  - pkg/volume/git_repo
  - pkg/volume/glusterfs
  - pkg/volume/host_path
  - pkg/volume/iscsi
  - pkg/volume/nfs
  - pkg/volume/persistent_claim
  - pkg/volume/rbd
  - pkg/volume/secret
  - pkg/volume/util
  - pkg/watch
  - pkg/watch/json
  - plugin/cmd/kube-scheduler/app
  - plugin/cmd/kube-scheduler/app/options
  - plugin/pkg/admission/admit
  - plugin/pkg/admission/alwayspullimages
  - plugin/pkg/admission/deny
  - plugin/pkg/admission/exec
  - plugin/pkg/admission/initialresources
  - plugin/pkg/admission/limitranger
  - plugin/pkg/admission/namespace/autoprovision
  - plugin/pkg/admission/namespace/exists
  - plugin/pkg/admission/namespace/lifecycle
  - plugin/pkg/admission/persistentvolume/label
  - plugin/pkg/admission/resourcequota
  - plugin/pkg/admission/securitycontext/scdeny
  - plugin/pkg/admission/serviceaccount
  - plugin/pkg/auth/authenticator/password/passwordfile
  - plugin/pkg/auth/authenticator/request/basicauth
  - plugin/pkg/auth/authenticator/request/keystone
  - plugin/pkg/auth/authenticator/request/union
  - plugin/pkg/auth/authenticator/request/x509
  - plugin/pkg/auth/authenticator/token/oidc
  - plugin/pkg/auth/authenticator/token/tokenfile
  - plugin/pkg/auth/authorizer/webhook
  - plugin/pkg/scheduler
  - plugin/pkg/scheduler/algorithm
  - plugin/pkg/scheduler/algorithm/predicates
  - plugin/pkg/scheduler/algorithm/priorities
  - plugin/pkg/scheduler/algorithm/priorities/util
  - plugin/pkg/scheduler/algorithmprovider
  - plugin/pkg/scheduler/algorithmprovider/defaults
  - plugin/pkg/scheduler/api
  - plugin/pkg/scheduler/api/latest
  - plugin/pkg/scheduler/api/v1
  - plugin/pkg/scheduler/api/validation
  - plugin/pkg/scheduler/factory
  - plugin/pkg/scheduler/metrics
  - plugin/pkg/scheduler/schedulercache
  - third_party/forked/json
  - third_party/forked/reflect
  - third_party/golang/expansion
  - third_party/golang/netutil
  - third_party/golang/template
  - pkg/storage/storagebackend
  - plugin/pkg/admission/antiaffinity
  - plugin/pkg/admission/security/podsecuritypolicy
  - pkg/controller/framework/informers
  - pkg/controller/petset
  - pkg/controller/volume
  - pkg/util/crypto
  - pkg/util/flowcontrol
  - pkg/client/clientset_generated/internalclientset/typed/core/unversioned
  - pkg/kubelet/eviction
  - pkg/runtime/serializer/streaming
  - pkg/watch/versioned
  - pkg/apis/apps
  - pkg/apis/apps/install
  - pkg/apis/authentication.k8s.io/install
  - pkg/apis/batch/v2alpha1
  - pkg/apis/policy/install
  - plugin/pkg/client/auth
  - pkg/storage/etcd3
  - pkg/util/homedir
  - plugin/pkg/auth/authenticator/password/keystone
  - plugin/pkg/auth/authenticator/token/webhook
  - pkg/cloudprovider/providers/vsphere
  - pkg/util/metrics
  - pkg/registry/generic/registry
  - pkg/apis/apps/v1alpha1
  - pkg/registry/petset/etcd
  - pkg/security/podsecuritypolicy
  - pkg/security/podsecuritypolicy/util
  - pkg/client/clientset_generated/internalclientset/typed/autoscaling/unversioned
  - pkg/client/clientset_generated/internalclientset/typed/batch/unversioned
  - pkg/client/clientset_generated/internalclientset/typed/extensions/unversioned
  - pkg/api/annotations
  - pkg/kubelet/util/cache
  - pkg/kubelet/server/remotecommand
  - pkg/util/env
  - pkg/util/json
  - pkg/runtime/serializer/protobuf
  - pkg/apis/authentication.k8s.io
  - pkg/apis/authentication.k8s.io/v1beta1
  - pkg/apis/policy
  - pkg/apis/policy/v1alpha1
  - plugin/pkg/client/auth/gcp
  - pkg/util/cache
  - plugin/pkg/webhook
  - pkg/api/errors/storage
  - pkg/registry/petset
  - pkg/security/podsecuritypolicy/capabilities
  - pkg/security/podsecuritypolicy/group
  - pkg/security/podsecuritypolicy/selinux
  - pkg/security/podsecuritypolicy/user
  - pkg/util/diff
  - pkg/util/framer
  - pkg/apis/batch/validation
  - pkg/apis/apps/validation
devImports: []
