# This file is autogenerated, do not edit; changes may be undone by the next 'dep ensure'.


[[projects]]
  digest = "1:81f8c061c3d18ed1710957910542bc17d2b789c6cd19e0f654c30b35fd255ca5"
  name = "github.com/Azure/go-ansiterm"
  packages = [
    ".",
    "winterm",
  ]
  pruneopts = "NUT"
  revision = "d6e3b3328b783f23731bc4d058875b0371ff8109"

[[projects]]
  digest = "1:f314424048778dd9cd7bb5c7807a8396b0c6b2a133935f15ad350dcd36c27286"
  name = "github.com/Parallels/docker-machine-parallels"
  packages = ["."]
  pruneopts = "NUT"
  revision = "f23cb0b3d3de98df376bbfed9d97bc1f355df864"
  version = "v1.3.0"

[[projects]]
  digest = "1:aba270497eb2d49f5cba6f4162d524b9a1195a24cbce8be20bf56a0051f47deb"
  name = "github.com/blang/semver"
  packages = ["."]
  pruneopts = "NUT"
  revision = "b38d23b8782a487059e8fc8773e9a5b228a77cb6"
  version = "v3.5.0"

[[projects]]
  digest = "1:04873dc5e06932b750eac24a1d90eabae58249df63bed6823e77b62a0160a297"
  name = "github.com/c4milo/gotoolkit"
  packages = ["."]
  pruneopts = "NUT"
  revision = "bcc06269efa974c4f098619d9aae436846e83d84"

[[projects]]
  digest = "1:cc832d4c674b57b5c67f683f75fba043dd3eec6fcd9b936f00cc8ddf439f2131"
  name = "github.com/cpuguy83/go-md2man"
  packages = ["md2man"]
  pruneopts = "NUT"
  revision = "71acacd42f85e5e82f70a55327789582a5200a90"
  version = "v1.0.4"

[[projects]]
  digest = "1:6b21090f60571b20b3ddc2c8e48547dffcf409498ed6002c2cada023725ed377"
  name = "github.com/davecgh/go-spew"
  packages = ["spew"]
  pruneopts = "NUT"
  revision = "782f4967f2dc4564575ca782fe2d04090b5faca8"

[[projects]]
  branch = "master"
  digest = "1:f1beae74e4ad389f4a6c1eaeb9539c9a0c1b7b934aee3576147b988e09184f9c"
  name = "github.com/docker/docker"
  packages = [
    "pkg/term",
    "pkg/term/windows",
  ]
  pruneopts = "NUT"
  revision = "bbe08dc7f0b9498aa75f7956c0c342512a73a3d4"

[[projects]]
  digest = "1:9d8fe33c2e1aa01c76db67f285ffdb7dbdb5c5d90d9deb296526d67b9798ce7b"
  name = "github.com/docker/go-units"
  packages = ["."]
  pruneopts = "NUT"
  revision = "9e638d38cf6977a37a8ea0078f3ee75a7cdb2dd1"

[[projects]]
  branch = "master"
  digest = "1:d4104968fb55cff5276444ffcf4693fa03deadc7cd98ed15005bf55e26a2ded1"
  name = "github.com/docker/machine"
  packages = [
    "commands/mcndirs",
    "drivers/errdriver",
    "drivers/hyperv",
    "drivers/none",
    "drivers/virtualbox",
    "drivers/vmwarefusion",
    "libmachine",
    "libmachine/auth",
    "libmachine/cert",
    "libmachine/check",
    "libmachine/drivers",
    "libmachine/drivers/plugin",
    "libmachine/drivers/plugin/localbinary",
    "libmachine/drivers/rpc",
    "libmachine/engine",
    "libmachine/host",
    "libmachine/log",
    "libmachine/mcndockerclient",
    "libmachine/mcnerror",
    "libmachine/mcnflag",
    "libmachine/mcnutils",
    "libmachine/persist",
    "libmachine/provision",
    "libmachine/provision/pkgaction",
    "libmachine/provision/serviceaction",
    "libmachine/shell",
    "libmachine/ssh",
    "libmachine/state",
    "libmachine/swarm",
    "libmachine/version",
    "libmachine/versioncmp",
    "version",
  ]
  pruneopts = "NUT"
  revision = "533ea58a3e7efb4b2b6cc24bb0b7b565e64d6b0e"
  source = "github.com/machine-drivers/machine"

[[projects]]
  digest = "1:364ef519880c6024191ac7660244e5478b193489bb35755f843627cc86cfb411"
  name = "github.com/fsnotify/fsnotify"
  packages = ["."]
  pruneopts = "NUT"
  revision = "f12c6236fe7b5cf6bcf30e5935d08cb079d78334"

[[projects]]
  digest = "1:abfe129dc92b16fbf0cc9d6336096a2823151756f62072a700eb10754141b38e"
  name = "github.com/ghodss/yaml"
  packages = ["."]
  pruneopts = "NUT"
  revision = "73d445a93680fa1a78ae23a5839bad48f32ba1ee"

[[projects]]
  digest = "1:a6afc27b2a73a5506832f3c5a1c19a30772cb69e7bd1ced4639eb36a55db224f"
  name = "github.com/gogo/protobuf"
  packages = [
    "proto",
    "sortkeys",
  ]
  pruneopts = "NUT"
  revision = "c0656edd0d9eab7c66d1eb0c568f9039345796f7"

[[projects]]
  digest = "1:78b8040ece2ff622580def2708b9eb0b2857711b6744c475439bf337e9c677ea"
  name = "github.com/golang/glog"
  packages = ["."]
  pruneopts = "NUT"
  revision = "44145f04b68cf362d9c4df2182967c2275eaefed"

[[projects]]
  digest = "1:7672c206322f45b33fac1ae2cb899263533ce0adcc6481d207725560208ec84e"
  name = "github.com/golang/groupcache"
  packages = ["lru"]
  pruneopts = "NUT"
  revision = "02826c3e79038b59d737d3b1c0a1d937f71a4433"

[[projects]]
  digest = "1:0d390d7037c2aecc37e78c2cfbe43d020d6f1fa83fd22266b7ec621189447d57"
  name = "github.com/golang/protobuf"
  packages = [
    "proto",
    "ptypes",
    "ptypes/any",
    "ptypes/duration",
    "ptypes/timestamp",
  ]
  pruneopts = "NUT"
  revision = "1643683e1b54a9e88ad26d98f81400c8c9d9f4f9"

[[projects]]
  branch = "master"
  digest = "1:05f95ffdfcf651bdb0f05b40b69e7f5663047f8da75c72d58728acb59b5cc107"
  name = "github.com/google/btree"
  packages = ["."]
  pruneopts = "NUT"
  revision = "4030bb1f1f0c35b30ca7009e9ebd06849dd45306"

[[projects]]
  digest = "1:d2754cafcab0d22c13541618a8029a70a8959eb3525ff201fe971637e2274cd0"
  name = "github.com/google/go-cmp"
  packages = [
    "cmp",
    "cmp/cmpopts",
    "cmp/internal/diff",
    "cmp/internal/function",
    "cmp/internal/value",
  ]
  pruneopts = "NUT"
  revision = "3af367b6b30c263d47e8895973edcca9a49cf029"
  version = "v0.2.0"

[[projects]]
  branch = "master"
  digest = "1:dfed0914a28dd3a8561fbfdd5c7a1deb2b90dee8edea6f58c9285680fc37b5c2"
  name = "github.com/google/go-containerregistry"
  packages = [
    "pkg/authn",
    "pkg/name",
    "pkg/v1",
    "pkg/v1/partial",
    "pkg/v1/remote",
    "pkg/v1/remote/transport",
    "pkg/v1/stream",
    "pkg/v1/tarball",
    "pkg/v1/types",
    "pkg/v1/v1util",
  ]
  pruneopts = "NUT"
  revision = "019cdfc6adf96a4905a1b93a7aeaea1e50c0b6cf"

[[projects]]
  digest = "1:63ede27834b468648817fb80cfb95d40abfc61341f89cb7a0d6779b6aa955425"
  name = "github.com/google/go-github"
  packages = ["github"]
  pruneopts = "NUT"
  revision = "a5cb647b1fac8ba77e1cf25af2f9526658ab63e3"
  version = "v21.0.0"

[[projects]]
  digest = "1:a63cff6b5d8b95638bfe300385d93b2a6d9d687734b863da8e09dc834510a690"
  name = "github.com/google/go-querystring"
  packages = ["query"]
  pruneopts = "NUT"
  revision = "44c6ddd0a2342c386950e880b658017258da92fc"
  version = "v1.0.0"

[[projects]]
  digest = "1:f9425215dccf1c63f659ec781ca46bc81804341821d0cd8d2459c5b58f8bd067"
  name = "github.com/google/gofuzz"
  packages = ["."]
  pruneopts = "NUT"
  revision = "44d81051d367757e1c7c6a5a86423ece9afcf63c"

[[projects]]
  digest = "1:27b4ab41ffdc76ad6db56db327a4db234a59588ef059fc3fd678ba0bc6b9094f"
  name = "github.com/googleapis/gnostic"
  packages = [
    "OpenAPIv2",
    "compiler",
    "extensions",
  ]
  pruneopts = "NUT"
  revision = "0c5108395e2debce0d731cf0287ddf7242066aba"

[[projects]]
  branch = "master"
  digest = "1:7fdf3223c7372d1ced0b98bf53457c5e89d89aecbad9a77ba9fcc6e01f9e5621"
  name = "github.com/gregjones/httpcache"
  packages = [
    ".",
    "diskcache",
  ]
  pruneopts = "NUT"
  revision = "9cad4c3443a7200dd6400aef47183728de563a38"

[[projects]]
  digest = "1:f0d9d74edbd40fdeada436d5ac9cb5197407899af3fef85ff0137077ffe8ae19"
  name = "github.com/hashicorp/errwrap"
  packages = ["."]
  pruneopts = "NUT"
  revision = "7554cd9344cec97297fa6649b055a8c98c2a1e55"

[[projects]]
  digest = "1:03950bb9b6362247c000f4b4c24bd1e62e952cb40cd204971017e34260ede4e2"
  name = "github.com/hashicorp/go-multierror"
  packages = ["."]
  pruneopts = "NUT"
  revision = "8c5f0ad9360406a3807ce7de6bc73269a91a6e51"

[[projects]]
  digest = "1:c7d9de42b661ba85788f5f631cbac165795a2ff7dc1c59a4241d6228b129c3e4"
  name = "github.com/hashicorp/go-version"
  packages = ["."]
  pruneopts = "NUT"
  revision = "d40cf49b3a77bba84a7afdbd7f1dc295d114efb1"
  version = "v1.1.0"

[[projects]]
  digest = "1:475b179287e8afdcd352014b2c2500e67decdf63e66125e2129286873453e1cd"
  name = "github.com/hashicorp/golang-lru"
  packages = [
    ".",
    "simplelru",
  ]
  pruneopts = "NUT"
  revision = "a0d98a5f288019575c6d1f4bb1573fef2d1fcdc4"

[[projects]]
  digest = "1:4eb7aa74693933be7f21dc465c49f9c0e03391262201ceac4dbf6a1be0bb7649"
  name = "github.com/hashicorp/hcl"
  packages = [
    ".",
    "hcl/ast",
    "hcl/parser",
    "hcl/scanner",
    "hcl/strconv",
    "hcl/token",
    "json/parser",
    "json/scanner",
    "json/token",
  ]
  pruneopts = "NUT"
  revision = "d8c773c4cba11b11539e3d45f93daeaa5dcf1fa1"

[[projects]]
  digest = "1:0fc7a3b3aa025745e557f5286862c307c042a0445f0a99a3a0948a6964e12492"
  name = "github.com/hooklift/iso9660"
  packages = ["."]
  pruneopts = "NUT"
  revision = "1cf07e5970d810f027bfbdfa2e9ad86db479c53a"

[[projects]]
  digest = "1:8f5fa95e43ab4a43056b7b65ec1614b4440f33bbfef2fa0a4d4707aedcb1a023"
  name = "github.com/imdario/mergo"
  packages = ["."]
  pruneopts = "NUT"
  revision = "6633656539c1639d9d78127b7d47c622b5d7b6dc"

[[projects]]
  digest = "1:406338ad39ab2e37b7f4452906442a3dbf0eb3379dd1f06aafb5c07e769a5fbb"
  name = "github.com/inconshreveable/mousetrap"
  packages = ["."]
  pruneopts = "NUT"
  revision = "76626ae9c91c4f2a10f34cad8ce83ea42c93bb75"
  version = "v1.0"

[[projects]]
  branch = "master"
  digest = "1:3526ea57285a47f99273a9b00252869d06888b08cd7358d6f89c35db6ec1605b"
  name = "github.com/intel-go/cpuid"
  packages = ["."]
  pruneopts = "NUT"
  revision = "1a4a6f06a1c643c8fbd339bd61d980960627d09e"

[[projects]]
  branch = "master"
  digest = "1:29b8c51f736120581688521c42f4772cc42ab7942402ee38877be23bed001ede"
  name = "github.com/jimmidyson/go-download"
  packages = ["."]
  pruneopts = "NUT"
  revision = "7f9a90c8c95bee1bb7de9e72c682c67c8bf5546d"

[[projects]]
  branch = "master"
  digest = "1:08e9d908b342ad3ec85cb188fd0c16c6e3e3fd4af23f1736f2eb2e174a6ec43c"
  name = "github.com/johanneswuerbach/nfsexports"
  packages = ["."]
  pruneopts = "NUT"
  revision = "1aa528dcb3451733ef505b9a268843831cb44b3f"

[[projects]]
  digest = "1:8e36686e8b139f8fe240c1d5cf3a145bc675c22ff8e707857cdd3ae17b00d728"
  name = "github.com/json-iterator/go"
  packages = ["."]
  pruneopts = "NUT"
  revision = "1624edc4454b8682399def8740d46db5e4362ba4"
  version = "v1.1.5"

[[projects]]
  digest = "1:47fa0ef6ae6b0387dacb77c7ab8827b4ef621650fd613e43ece61de4cb3f5019"
  name = "github.com/kr/fs"
  packages = ["."]
  pruneopts = "NUT"
  revision = "2788f0dbd16903de03cb8186e5c7d97b69ad387b"

[[projects]]
  digest = "1:7c99b7161783a39276d407232577a0510a8d6f8d0b6e80179049c0af060a3de1"
  name = "github.com/libvirt/libvirt-go"
  packages = ["."]
  pruneopts = "NUT"
  revision = "5ba8227244c30438609adcec6ea84dc1e688dfbd"
  version = "v3.4.0"

[[projects]]
  digest = "1:c436d61d2f9af426241770422ef9f7a21edc7898963caa88c997c3f968770045"
  name = "github.com/machine-drivers/docker-machine-driver-vmware"
  packages = ["pkg/drivers/vmware/config"]
  pruneopts = "NUT"
  revision = "cd992887ede19ae63e030c63dda5593f19ed569c"
  version = "v0.1.1"

[[projects]]
  digest = "1:1745a9a20b54531ca6d6db617f47ac6d367e5d004c7a44ba39149928bca8caff"
  name = "github.com/magiconair/properties"
  packages = ["."]
  pruneopts = "NUT"
  revision = "61b492c03cf472e0c6419be5899b8e0dc28b1b88"

[[projects]]
  digest = "1:bffa444ca07c69c599ae5876bc18b25bfd5fa85b297ca10a25594d284a7e9c5d"
  name = "github.com/mattn/go-isatty"
  packages = ["."]
  pruneopts = "NUT"
  revision = "6ca4dbf54d38eea1a992b3c722a76a5d1c4cb25c"
  version = "v0.0.4"

[[projects]]
  digest = "1:f2d263faf8641cd0a31bba2d034eb2f9ab9f3c3348b06ac9ad54b9a4ea692dee"
  name = "github.com/mattn/go-runewidth"
  packages = ["."]
  pruneopts = "NUT"
  revision = "737072b4e32b7a5018b4a7125da8d12de90e8045"

[[projects]]
  branch = "master"
  digest = "1:2d209eb757bb4101584c2618becd4026593509343ce55491233fd090faa1f1da"
  name = "github.com/mitchellh/go-ps"
  packages = ["."]
  pruneopts = "NUT"
  revision = "4fdf99ab29366514c69ccccddab5dc58b8d84062"

[[projects]]
  digest = "1:c7fe3a5aad0ae944376d50572fb8249580562d4331b9a1c0a9da9610336688aa"
  name = "github.com/mitchellh/mapstructure"
  packages = ["."]
  pruneopts = "NUT"
  revision = "53818660ed4955e899c0bcafa97299a388bd7c8e"

[[projects]]
  digest = "1:d512df57c965a0b8539f58373cbf6653771cd545fcd4f3706374be0cbcee557d"
  name = "github.com/moby/hyperkit"
  packages = ["go"]
  pruneopts = "NUT"
  revision = "a12cd7250bcd8d689078e3e42ae4a7cf6a0cbaf3"
  version = "v0.20171020"

[[projects]]
  digest = "1:2f42fa12d6911c7b7659738758631bec870b7e9b4c6be5444f963cdcfccc191f"
  name = "github.com/modern-go/concurrent"
  packages = ["."]
  pruneopts = "NUT"
  revision = "bacd9c7ef1dd9b15be4a9909b8ac7a4e313eec94"
  version = "1.0.3"

[[projects]]
  digest = "1:c6aca19413b13dc59c220ad7430329e2ec454cc310bc6d8de2c7e2b93c18a0f6"
  name = "github.com/modern-go/reflect2"
  packages = ["."]
  pruneopts = "NUT"
  revision = "4b7aa43c6742a2c18fdef89dd197aaae7dac7ccd"
  version = "1.0.1"

[[projects]]
  digest = "1:6b4ef49506ebd7cc4fc6d55cc54716eefb63b38a0e90caa2644e534dd20907e9"
  name = "github.com/olekukonko/tablewriter"
  packages = ["."]
  pruneopts = "NUT"
  revision = "bdcc175572fd7abece6c831e643891b9331bc9e7"

[[projects]]
  digest = "1:9072181164e616e422cbfbe48ca9ac249a4d76301ca0876c9f56b937cf214a2f"
  name = "github.com/pborman/uuid"
  packages = ["."]
  pruneopts = "NUT"
  revision = "ca53cad383cad2479bbba7f7a1a05797ec1386e4"

[[projects]]
  digest = "1:a220f6dbf33a64b62870ff624b41d45731926411bda3cc26f62926c7e02c5448"
  name = "github.com/pelletier/go-buffruneio"
  packages = ["."]
  pruneopts = "NUT"
  revision = "df1e16fde7fc330a0ca68167c23bf7ed6ac31d6d"
  version = "v0.1.0"

[[projects]]
  digest = "1:e89c934474e1d6330f141c99a3a2b14d9ee2c31081bbd9c9a88fc4e3503306ae"
  name = "github.com/pelletier/go-toml"
  packages = ["."]
  pruneopts = "NUT"
  revision = "0049ab3dc4c4c70a9eee23087437b69c0dde2130"

[[projects]]
  branch = "master"
  digest = "1:3bf17a6e6eaa6ad24152148a631d18662f7212e21637c2699bff3369b7f00fa2"
  name = "github.com/petar/GoLLRB"
  packages = ["llrb"]
  pruneopts = "NUT"
  revision = "53be0d36a84c2a886ca057d34b6aa4468df9ccb4"

[[projects]]
  digest = "1:6c6d91dc326ed6778783cff869c49fb2f61303cdd2ebbcf90abe53505793f3b6"
  name = "github.com/peterbourgon/diskv"
  packages = ["."]
  pruneopts = "NUT"
  revision = "5f041e8faa004a95c88a202771f4cc3e991971e6"
  version = "v2.0.1"

[[projects]]
  digest = "1:57c74655dc3cee7b4aad20cecdd934cd87ecb5efb0b6d397c872083d6bbb4aa4"
  name = "github.com/pkg/browser"
  packages = ["."]
  pruneopts = "NUT"
  revision = "9302be274faad99162b9d48ec97b24306872ebb0"

[[projects]]
  digest = "1:5cf3f025cbee5951a4ee961de067c8a89fc95a5adabead774f82822efabab121"
  name = "github.com/pkg/errors"
  packages = ["."]
  pruneopts = "NUT"
  revision = "645ef00459ed84a119197bfb8d8205042c6df63d"
  version = "v0.8.0"

[[projects]]
  digest = "1:06596f3d837b0daf29e787840cd53d82261f2f0d5f2cb0e7904a63d4096a7c63"
  name = "github.com/pkg/profile"
  packages = ["."]
  pruneopts = "NUT"
  revision = "3a8809bd8a80f8ecfe4ee1b34b3f37194968617c"

[[projects]]
  digest = "1:1e0d7268f17a54350ec80d9c5b85167cd244c4b25a77ddecd930b73c649474c8"
  name = "github.com/pkg/sftp"
  packages = ["."]
  pruneopts = "NUT"
  revision = "4d0e916071f68db74f8a73926335f809396d6b42"

[[projects]]
  digest = "1:0028cb19b2e4c3112225cd871870f2d9cf49b9b4276531f03438a88e94be86fe"
  name = "github.com/pmezard/go-difflib"
  packages = ["difflib"]
  pruneopts = "NUT"
  revision = "792786c7400a136282c1664665ae0a8db921c6c2"
  version = "v1.0.0"

[[projects]]
  branch = "master"
  digest = "1:1b6f62a965e4b2e004184bf2d38ef2915af240befa4d44e5f0e83925bcf89727"
  name = "github.com/r2d4/external-storage"
  packages = [
    "lib/controller",
    "lib/leaderelection",
    "lib/leaderelection/resourcelock",
  ]
  pruneopts = "NUT"
  revision = "8c0e8605dc7b85893e144efd8e76d4a473f4bc7d"

[[projects]]
  digest = "1:118f00f400c10c1dd21a267fd04697c758dbe9a38cf5fa3fab3bb3625af9efe7"
  name = "github.com/russross/blackfriday"
  packages = ["."]
  pruneopts = "NUT"
  revision = "300106c228d52c8941d4b3de6054a6062a86dda3"

[[projects]]
  digest = "1:a35624c560f8e8f7959808245c79f0f31ad0fbbe245d7e58a07e1395a8c3138b"
  name = "github.com/samalba/dockerclient"
  packages = ["."]
  pruneopts = "NUT"
  revision = "91d7393ff85980ba3a8966405871a3d446ca28f2"

[[projects]]
  digest = "1:400359f0b394fb168f4aee9621d42cc005810c6e462009d5fc76055d5e96dcf3"
  name = "github.com/shurcooL/sanitized_anchor_name"
  packages = ["."]
  pruneopts = "NUT"
  revision = "10ef21a441db47d8b13ebcc5fd2310f636973c77"

[[projects]]
  digest = "1:414933e1ae2e9e19123e52fb29c97cb9d127d8a500f45a2ba80b537283a38b87"
  name = "github.com/sirupsen/logrus"
  packages = ["."]
  pruneopts = "NUT"
  revision = "89742aefa4b206dcf400792f3bd35b542998eb3b"

[[projects]]
  digest = "1:1af4e3c17f2df21ddefb311bf42c3a05178ba08097b18816c52f3b18a98b3ef3"
  name = "github.com/spf13/afero"
  packages = [
    ".",
    "mem",
    "sftp",
  ]
  pruneopts = "NUT"
  revision = "b28a7effac979219c2a2ed6205a4d70e4b1bcd02"

[[projects]]
  digest = "1:362766ce6d0361b1a364868f8441e5696cd6260b4aa4c23b609adafbaeee2024"
  name = "github.com/spf13/cast"
  packages = ["."]
  pruneopts = "NUT"
  revision = "e31f36ffc91a2ba9ddb72a4b6a607ff9b3d3cb63"

[[projects]]
  digest = "1:e1a684bfcf8e8e83166e5fb959e9be6dc43b9901c709a155bfef9da3f92dec48"
  name = "github.com/spf13/cobra"
  packages = [
    ".",
    "doc",
  ]
  pruneopts = "NUT"
  revision = "6644d46b81fa1831979c4cded0106e774e0ef0ab"

[[projects]]
  digest = "1:5664cfa541da6bd03dc6eb79c0639d3b43ba3ae997e694cd23cfd5da59160268"
  name = "github.com/spf13/jwalterweatherman"
  packages = ["."]
  pruneopts = "NUT"
  revision = "33c24e77fb80341fe7130ee7c594256ff08ccc46"

[[projects]]
  digest = "1:15e5c398fbd9d2c439b635a08ac161b13d04f0c2aa587fe256b65dc0c3efe8b7"
  name = "github.com/spf13/pflag"
  packages = ["."]
  pruneopts = "NUT"
  revision = "583c0c0531f06d5278b7d917446061adc344b5cd"
  version = "v1.0.1"

[[projects]]
  digest = "1:242e0ec8a8fd3af50454fb1f90eafd5af073ea7f458e9bbbada0bc08bfbcef57"
  name = "github.com/spf13/viper"
  packages = ["."]
  pruneopts = "NUT"
  revision = "25b30aa063fc18e48662b86996252eabdcf2f0c7"
  version = "v1.0.0"

[[projects]]
  digest = "1:0dfe985a13070b2f191d1b6aaba2c737a781b0d0488c2337cd69cce107543ce8"
  name = "github.com/xeipuuv/gojsonpointer"
  packages = ["."]
  pruneopts = "NUT"
  revision = "e0fe6f68307607d540ed8eac07a342c33fa1b54a"

[[projects]]
  digest = "1:dffaacd300adca64381977995d07e91b53a55330ecd6835d9fa9947b7a4c0460"
  name = "github.com/xeipuuv/gojsonreference"
  packages = ["."]
  pruneopts = "NUT"
  revision = "e02fc20de94c78484cd5ffb007f8af96be030a45"

[[projects]]
  digest = "1:a35b3188691adc24932292a5e9606f8ddae9f732a5603bbb0456a48caf8a3edd"
  name = "github.com/xeipuuv/gojsonschema"
  packages = ["."]
  pruneopts = "NUT"
  revision = "c539bca196be50ccdd1f0bcd9076de95f9081831"

[[projects]]
  branch = "master"
  digest = "1:48487a2da8f0d95a64d860167edbc4b67258813fd3c83c5269c62fe80161d700"
  name = "github.com/zchee/go-vmnet"
  packages = ["."]
  pruneopts = "NUT"
  revision = "97ebf91740978f1e665defc0a960fb997ebe282b"

[[projects]]
  digest = "1:14263791cdd53e1379d8363b21fe97145665737a81b73076901d204a26ab6b99"
  name = "golang.org/x/crypto"
  packages = [
    "curve25519",
    "ed25519",
    "ed25519/internal/edwards25519",
    "ssh",
    "ssh/terminal",
  ]
  pruneopts = "NUT"
  revision = "81e90905daefcd6fd217b62423c0908922eadb30"

[[projects]]
  digest = "1:546efc585d0b3b4ef026faa94ae2d3211c1744d517841a27c83905e18fd0828d"
  name = "golang.org/x/net"
  packages = [
    "context",
    "context/ctxhttp",
    "http2",
    "http2/hpack",
    "idna",
    "lex/httplex",
  ]
  pruneopts = "NUT"
  revision = "1c05540f6879653db88113bc4a2b70aec4bd491f"

[[projects]]
  branch = "master"
  digest = "1:9822dde4525c2bc0130c4b8d209cb08b3ab68d4865972b20fe213fc2f732d9db"
  name = "golang.org/x/oauth2"
  packages = [
    ".",
    "internal",
  ]
  pruneopts = "NUT"
  revision = "5dab4167f31cbd76b407f1486c86b40748bc5073"

[[projects]]
  digest = "1:39485a034b89a9f2892b9c0cc24e2330e1c9981794c35281c2febfcc55b90a34"
  name = "golang.org/x/sync"
  packages = [
    "errgroup",
    "syncmap",
  ]
  pruneopts = "NUT"
  revision = "f52d1811a62927559de87708c8913c1650ce4f26"

[[projects]]
  digest = "1:fbad6d1464c4ff2c233f9f04181ff573960d469636b208b87458c8b5606b9b78"
  name = "golang.org/x/sys"
  packages = [
    "unix",
    "windows",
    "windows/registry",
  ]
  pruneopts = "NUT"
  revision = "95c6576299259db960f6c5b9b69ea52422860fce"

[[projects]]
  digest = "1:2780cbd603ca1ee6f33330fb3a590ebaea0e95b99c7759f4d17e2337cca9352a"
  name = "golang.org/x/text"
  packages = [
    "collate",
    "collate/build",
    "feature/plural",
    "internal",
    "internal/catmsg",
    "internal/colltab",
    "internal/format",
    "internal/gen",
    "internal/language",
    "internal/language/compact",
    "internal/number",
    "internal/stringset",
    "internal/tag",
    "internal/triegen",
    "internal/ucd",
    "language",
    "message",
    "message/catalog",
    "number",
    "secure/bidirule",
    "transform",
    "unicode/bidi",
    "unicode/cldr",
    "unicode/norm",
    "unicode/rangetable",
  ]
  pruneopts = "NUT"
  revision = "342b2e1fbaa52c93f31447ad2c6abc048c63e475"

[[projects]]
  digest = "1:d37b0ef2944431fe9e8ef35c6fffc8990d9e2ca300588df94a6890f3649ae365"
  name = "golang.org/x/time"
  packages = ["rate"]
  pruneopts = "NUT"
  revision = "f51c12702a4d776e4c1fa9b0fabab841babae631"

[[projects]]
  digest = "1:34c10243da5972105edd1b4b883e2bd918fbb3f73fbe14d6af6929e547173494"
  name = "google.golang.org/appengine"
  packages = [
    "internal",
    "internal/base",
    "internal/datastore",
    "internal/log",
    "internal/remote_api",
    "internal/urlfetch",
    "urlfetch",
  ]
  pruneopts = "NUT"
  revision = "e9657d882bb81064595ca3b56cbe2546bbabf7b1"
  version = "v1.4.0"

[[projects]]
  digest = "1:f8dc0e20a5e1cbc728a21d00e0aef61b6101dda57e45ea1ed1ab148355864e5d"
  name = "gopkg.in/cheggaaa/pb.v1"
  packages = ["."]
  pruneopts = "NUT"
  revision = "dd61faab99a777c652bb680e37715fe0cb549856"
  version = "v1.0.6"

[[projects]]
  digest = "1:ef72505cf098abdd34efeea032103377bec06abb61d8a06f002d5d296a4b1185"
  name = "gopkg.in/inf.v0"
  packages = ["."]
  pruneopts = "NUT"
  revision = "3887ee99ecf07df5b447e9b00d9c0b2adaa9f3e4"
  version = "v0.9.0"

[[projects]]
  digest = "1:b1f13c74112ab237c8b840517fbbcfb98d3690073caad6c5b1a56c29fea086e3"
  name = "gopkg.in/yaml.v2"
  packages = ["."]
  pruneopts = "NUT"
  revision = "670d4cfef0544295bc27a114dbac37980d83185a"

[[projects]]
  digest = "1:ef716a2116d8a040e16fbcd7fca71d3354915a94720de6af22c7a09970234296"
  name = "k8s.io/api"
  packages = [
    "admissionregistration/v1alpha1",
    "admissionregistration/v1beta1",
    "apps/v1",
    "apps/v1beta1",
    "apps/v1beta2",
    "authentication/v1",
    "authentication/v1beta1",
    "authorization/v1",
    "authorization/v1beta1",
    "autoscaling/v1",
    "autoscaling/v2beta1",
    "batch/v1",
    "batch/v1beta1",
    "batch/v2alpha1",
    "certificates/v1beta1",
    "core/v1",
    "events/v1beta1",
    "extensions/v1beta1",
    "networking/v1",
    "policy/v1beta1",
    "rbac/v1",
    "rbac/v1alpha1",
    "rbac/v1beta1",
    "scheduling/v1alpha1",
    "scheduling/v1beta1",
    "settings/v1alpha1",
    "storage/v1",
    "storage/v1alpha1",
    "storage/v1beta1",
  ]
  pruneopts = "NUT"
  revision = "2d6f90ab1293a1fb871cf149423ebb72aa7423aa"
  version = "kubernetes-1.11.2"

[[projects]]
  digest = "1:678d0c42e830ad51a66627d60b92df6eb2de54cbfd46defc088f8a2fffcddb48"
  name = "k8s.io/apimachinery"
  packages = [
    "pkg/api/errors",
    "pkg/api/meta",
    "pkg/api/resource",
    "pkg/apis/meta/internalversion",
    "pkg/apis/meta/v1",
    "pkg/apis/meta/v1/unstructured",
    "pkg/apis/meta/v1beta1",
    "pkg/conversion",
    "pkg/conversion/queryparams",
    "pkg/fields",
    "pkg/labels",
    "pkg/runtime",
    "pkg/runtime/schema",
    "pkg/runtime/serializer",
    "pkg/runtime/serializer/json",
    "pkg/runtime/serializer/protobuf",
    "pkg/runtime/serializer/recognizer",
    "pkg/runtime/serializer/streaming",
    "pkg/runtime/serializer/versioning",
    "pkg/selection",
    "pkg/types",
    "pkg/util/cache",
    "pkg/util/clock",
    "pkg/util/diff",
    "pkg/util/errors",
    "pkg/util/framer",
    "pkg/util/intstr",
    "pkg/util/json",
    "pkg/util/mergepatch",
    "pkg/util/net",
    "pkg/util/runtime",
    "pkg/util/sets",
    "pkg/util/strategicpatch",
    "pkg/util/uuid",
    "pkg/util/validation",
    "pkg/util/validation/field",
    "pkg/util/wait",
    "pkg/util/yaml",
    "pkg/version",
    "pkg/watch",
    "third_party/forked/golang/json",
    "third_party/forked/golang/reflect",
  ]
  pruneopts = "NUT"
  revision = "103fd098999dc9c0c88536f5c9ad2e5da39373ae"
  version = "kubernetes-1.11.2"

[[projects]]
  branch = "master"
  digest = "1:803a79a066abaeb85793b0ef857b2c73b9c5ad17a2aa1d95403d31a782f34d34"
  name = "k8s.io/apiserver"
  packages = ["pkg/util/feature"]
  pruneopts = "NUT"
  revision = "67c89284117046b26ecd3776eed2a39289399f15"

[[projects]]
  digest = "1:dad96edce9b0c12aed12753aac359465a221596fbc08e9f04a9a1b70ff596d5d"
  name = "k8s.io/client-go"
  packages = [
    "discovery",
    "kubernetes",
    "kubernetes/scheme",
    "kubernetes/typed/admissionregistration/v1alpha1",
    "kubernetes/typed/admissionregistration/v1beta1",
    "kubernetes/typed/apps/v1",
    "kubernetes/typed/apps/v1beta1",
    "kubernetes/typed/apps/v1beta2",
    "kubernetes/typed/authentication/v1",
    "kubernetes/typed/authentication/v1beta1",
    "kubernetes/typed/authorization/v1",
    "kubernetes/typed/authorization/v1beta1",
    "kubernetes/typed/autoscaling/v1",
    "kubernetes/typed/autoscaling/v2beta1",
    "kubernetes/typed/batch/v1",
    "kubernetes/typed/batch/v1beta1",
    "kubernetes/typed/batch/v2alpha1",
    "kubernetes/typed/certificates/v1beta1",
    "kubernetes/typed/core/v1",
    "kubernetes/typed/core/v1/fake",
    "kubernetes/typed/events/v1beta1",
    "kubernetes/typed/extensions/v1beta1",
    "kubernetes/typed/networking/v1",
    "kubernetes/typed/policy/v1beta1",
    "kubernetes/typed/rbac/v1",
    "kubernetes/typed/rbac/v1alpha1",
    "kubernetes/typed/rbac/v1beta1",
    "kubernetes/typed/scheduling/v1alpha1",
    "kubernetes/typed/scheduling/v1beta1",
    "kubernetes/typed/settings/v1alpha1",
    "kubernetes/typed/storage/v1",
    "kubernetes/typed/storage/v1alpha1",
    "kubernetes/typed/storage/v1beta1",
    "pkg/apis/clientauthentication",
    "pkg/apis/clientauthentication/v1alpha1",
    "pkg/apis/clientauthentication/v1beta1",
    "pkg/version",
    "plugin/pkg/client/auth/exec",
    "rest",
    "rest/watch",
    "testing",
    "tools/auth",
    "tools/bootstrap/token/api",
    "tools/cache",
    "tools/clientcmd",
    "tools/clientcmd/api",
    "tools/clientcmd/api/latest",
    "tools/clientcmd/api/v1",
    "tools/metrics",
    "tools/pager",
    "tools/record",
    "tools/reference",
    "transport",
    "util/buffer",
    "util/cert",
    "util/connrotation",
    "util/flowcontrol",
    "util/homedir",
    "util/integer",
    "util/retry",
  ]
  pruneopts = "NUT"
  revision = "1f13a808da65775f22cbf47862c4e5898d8f4ca1"
  version = "kubernetes-1.11.2"

[[projects]]
  digest = "1:e0d6dcb28c42a53c7243bb6380badd17f92fbd8488a075a07e984f91a07c0d23"
  name = "k8s.io/kube-openapi"
  packages = ["pkg/util/proto"]
  pruneopts = "NUT"
  revision = "50ae88d24ede7b8bad68e23c805b5d3da5c8abaf"

[[projects]]
  digest = "1:fbc13b375bc3e2e321dc1229675466a5339aeb598690d435a8113190fd561b02"
  name = "k8s.io/kubernetes"
  packages = [
    "cmd/kubeadm/app/constants",
    "cmd/kubeadm/app/features",
    "pkg/apis/core",
    "pkg/apis/core/helper",
    "pkg/apis/core/v1/helper",
    "pkg/registry/core/service/allocator",
    "pkg/registry/core/service/ipallocator",
    "pkg/util/goroutinemap",
    "pkg/util/goroutinemap/exponentialbackoff",
    "pkg/util/version",
  ]
  pruneopts = "NUT"
  revision = "a4529464e4629c21224b3d52edfe0ea91b072862"
  version = "v1.11.3"

[solve-meta]
  analyzer-name = "dep"
  analyzer-version = 1
  input-imports = [
    "github.com/Parallels/docker-machine-parallels",
    "github.com/blang/semver",
    "github.com/docker/go-units",
    "github.com/docker/machine/drivers/hyperv",
    "github.com/docker/machine/drivers/virtualbox",
    "github.com/docker/machine/drivers/vmwarefusion",
    "github.com/docker/machine/libmachine",
    "github.com/docker/machine/libmachine/auth",
    "github.com/docker/machine/libmachine/cert",
    "github.com/docker/machine/libmachine/check",
    "github.com/docker/machine/libmachine/drivers",
    "github.com/docker/machine/libmachine/drivers/plugin",
    "github.com/docker/machine/libmachine/drivers/plugin/localbinary",
    "github.com/docker/machine/libmachine/engine",
    "github.com/docker/machine/libmachine/host",
    "github.com/docker/machine/libmachine/log",
    "github.com/docker/machine/libmachine/mcnerror",
    "github.com/docker/machine/libmachine/mcnflag",
    "github.com/docker/machine/libmachine/mcnutils",
    "github.com/docker/machine/libmachine/persist",
    "github.com/docker/machine/libmachine/provision",
    "github.com/docker/machine/libmachine/provision/pkgaction",
    "github.com/docker/machine/libmachine/provision/serviceaction",
    "github.com/docker/machine/libmachine/shell",
    "github.com/docker/machine/libmachine/ssh",
    "github.com/docker/machine/libmachine/state",
    "github.com/docker/machine/libmachine/swarm",
    "github.com/docker/machine/libmachine/version",
    "github.com/golang/glog",
    "github.com/google/go-cmp/cmp",
    "github.com/google/go-cmp/cmp/cmpopts",
    "github.com/google/go-containerregistry/pkg/authn",
    "github.com/google/go-containerregistry/pkg/name",
    "github.com/google/go-containerregistry/pkg/v1/remote",
    "github.com/google/go-containerregistry/pkg/v1/tarball",
    "github.com/google/go-github/github",
    "github.com/hooklift/iso9660",
    "github.com/jimmidyson/go-download",
    "github.com/johanneswuerbach/nfsexports",
    "github.com/libvirt/libvirt-go",
    "github.com/machine-drivers/docker-machine-driver-vmware/pkg/drivers/vmware/config",
    "github.com/mattn/go-isatty",
    "github.com/mitchellh/go-ps",
    "github.com/moby/hyperkit/go",
    "github.com/olekukonko/tablewriter",
    "github.com/pborman/uuid",
    "github.com/pkg/browser",
    "github.com/pkg/errors",
    "github.com/pkg/profile",
    "github.com/pmezard/go-difflib/difflib",
    "github.com/r2d4/external-storage/lib/controller",
    "github.com/sirupsen/logrus",
    "github.com/spf13/cobra",
    "github.com/spf13/cobra/doc",
    "github.com/spf13/pflag",
    "github.com/spf13/viper",
    "github.com/xeipuuv/gojsonschema",
    "github.com/zchee/go-vmnet",
    "golang.org/x/crypto/ssh",
    "golang.org/x/crypto/ssh/terminal",
    "golang.org/x/oauth2",
    "golang.org/x/sync/errgroup",
    "golang.org/x/sync/syncmap",
    "golang.org/x/sys/windows/registry",
    "golang.org/x/text/language",
    "golang.org/x/text/message",
    "golang.org/x/text/number",
    "k8s.io/api/apps/v1",
    "k8s.io/api/core/v1",
    "k8s.io/api/rbac/v1beta1",
    "k8s.io/api/storage/v1",
    "k8s.io/apimachinery/pkg/api/errors",
    "k8s.io/apimachinery/pkg/apis/meta/v1",
    "k8s.io/apimachinery/pkg/fields",
    "k8s.io/apimachinery/pkg/labels",
    "k8s.io/apimachinery/pkg/runtime",
    "k8s.io/apimachinery/pkg/runtime/schema",
    "k8s.io/apimachinery/pkg/types",
    "k8s.io/apimachinery/pkg/util/intstr",
    "k8s.io/apimachinery/pkg/util/net",
    "k8s.io/apimachinery/pkg/util/strategicpatch",
    "k8s.io/apimachinery/pkg/util/uuid",
    "k8s.io/apimachinery/pkg/util/wait",
    "k8s.io/apimachinery/pkg/watch",
    "k8s.io/client-go/kubernetes",
    "k8s.io/client-go/kubernetes/typed/core/v1",
    "k8s.io/client-go/kubernetes/typed/core/v1/fake",
    "k8s.io/client-go/rest",
    "k8s.io/client-go/tools/cache",
    "k8s.io/client-go/tools/clientcmd",
    "k8s.io/client-go/tools/clientcmd/api",
    "k8s.io/client-go/tools/clientcmd/api/latest",
    "k8s.io/client-go/util/homedir",
    "k8s.io/kubernetes/cmd/kubeadm/app/constants",
    "k8s.io/kubernetes/cmd/kubeadm/app/features",
    "k8s.io/kubernetes/pkg/apis/core",
  ]
  solver-name = "gps-cdcl"
  solver-version = 1
